
Microsoft Visual Studio Solution File, Format Version 11.00
# Visual Studio 2010
Project("{FAE04EC0-301F-11D3-BF4B-00C04F79EFBC}") = "ShortBus.TestHost", "ShortBus.TestHost\ShortBus.TestHost.csproj", "{227CC709-8125-4795-9448-B963ED58AB14}"
EndProject
Project("{FAE04EC0-301F-11D3-BF4B-00C04F79EFBC}") = "ShortBus.Client", "ShortBus.Client\ShortBus.Client.csproj", "{1456A142-9079-4B88-98C7-F11EBBEE98F2}"
EndProject
Project("{FAE04EC0-301F-11D3-BF4B-00C04F79EFBC}") = "ShortBus.Contracts", "ShortBus.Contracts\ShortBus.Contracts.csproj", "{CBB9E494-7CAE-4751-A5D3-EDC475641BD6}"
EndProject
Project("{FAE04EC0-301F-11D3-BF4B-00C04F79EFBC}") = "ShortBus.SQLStore", "ShortBus.SQLStore\ShortBus.SQLStore.csproj", "{B3C0889A-6501-4BC6-AA33-688CD5DA31F5}"
EndProject
Project("{FAE04EC0-301F-11D3-BF4B-00C04F79EFBC}") = "ShortBus.TestClient", "ShortBus.TestClient\ShortBus.TestClient.csproj", "{F55232E5-DED3-4DF4-9D4E-64536A79F070}"
EndProject
Project("{FAE04EC0-301F-11D3-BF4B-00C04F79EFBC}") = "ShortBus.Server", "ShortBus.Server\ShortBus.Server.csproj", "{3B6491D1-F868-49EC-BA17-842CFB28823A}"
EndProject
Project("{FAE04EC0-301F-11D3-BF4B-00C04F79EFBC}") = "ShortBus.UnitTests", "ShortBus.UnitTests\ShortBus.UnitTests.csproj", "{4AD0C83A-9CAD-42C6-8FD9-0A8A1D699203}"
EndProject
Project("{2150E333-8FDC-42A3-9474-1A3956D46DE8}") = "Solution Items", "Solution Items", "{6D7F691F-8021-4EB9-A21F-754E686129C0}"
	ProjectSection(SolutionItems) = preProject
		Local.testsettings = Local.testsettings
		ShortBus1.vsmdi = ShortBus1.vsmdi
		TraceAndTestImpact.testsettings = TraceAndTestImpact.testsettings
	EndProjectSection
EndProject
Global
	GlobalSection(TestCaseManagementSettings) = postSolution
		CategoryFile = ShortBus1.vsmdi
	EndGlobalSection
	GlobalSection(SolutionConfigurationPlatforms) = preSolution
		Debug|Any CPU = Debug|Any CPU
		Debug|Mixed Platforms = Debug|Mixed Platforms
		Debug|x86 = Debug|x86
		Release|Any CPU = Release|Any CPU
		Release|Mixed Platforms = Release|Mixed Platforms
		Release|x86 = Release|x86
	EndGlobalSection
	GlobalSection(ProjectConfigurationPlatforms) = postSolution
		{227CC709-8125-4795-9448-B963ED58AB14}.Debug|Any CPU.ActiveCfg = Debug|x86
		{227CC709-8125-4795-9448-B963ED58AB14}.Debug|Mixed Platforms.ActiveCfg = Debug|x86
		{227CC709-8125-4795-9448-B963ED58AB14}.Debug|Mixed Platforms.Build.0 = Debug|x86
		{227CC709-8125-4795-9448-B963ED58AB14}.Debug|x86.ActiveCfg = Debug|x86
		{227CC709-8125-4795-9448-B963ED58AB14}.Debug|x86.Build.0 = Debug|x86
		{227CC709-8125-4795-9448-B963ED58AB14}.Release|Any CPU.ActiveCfg = Release|x86
		{227CC709-8125-4795-9448-B963ED58AB14}.Release|Mixed Platforms.ActiveCfg = Release|x86
		{227CC709-8125-4795-9448-B963ED58AB14}.Release|Mixed Platforms.Build.0 = Release|x86
		{227CC709-8125-4795-9448-B963ED58AB14}.Release|x86.ActiveCfg = Release|x86
		{227CC709-8125-4795-9448-B963ED58AB14}.Release|x86.Build.0 = Release|x86
		{1456A142-9079-4B88-98C7-F11EBBEE98F2}.Debug|Any CPU.ActiveCfg = Debug|Any CPU
		{1456A142-9079-4B88-98C7-F11EBBEE98F2}.Debug|Any CPU.Build.0 = Debug|Any CPU
		{1456A142-9079-4B88-98C7-F11EBBEE98F2}.Debug|Mixed Platforms.ActiveCfg = Debug|Any CPU
		{1456A142-9079-4B88-98C7-F11EBBEE98F2}.Debug|Mixed Platforms.Build.0 = Debug|Any CPU
		{1456A142-9079-4B88-98C7-F11EBBEE98F2}.Debug|x86.ActiveCfg = Debug|Any CPU
		{1456A142-9079-4B88-98C7-F11EBBEE98F2}.Release|Any CPU.ActiveCfg = Release|Any CPU
		{1456A142-9079-4B88-98C7-F11EBBEE98F2}.Release|Any CPU.Build.0 = Release|Any CPU
		{1456A142-9079-4B88-98C7-F11EBBEE98F2}.Release|Mixed Platforms.ActiveCfg = Release|Any CPU
		{1456A142-9079-4B88-98C7-F11EBBEE98F2}.Release|Mixed Platforms.Build.0 = Release|Any CPU
		{1456A142-9079-4B88-98C7-F11EBBEE98F2}.Release|x86.ActiveCfg = Release|Any CPU
		{CBB9E494-7CAE-4751-A5D3-EDC475641BD6}.Debug|Any CPU.ActiveCfg = Debug|Any CPU
		{CBB9E494-7CAE-4751-A5D3-EDC475641BD6}.Debug|Any CPU.Build.0 = Debug|Any CPU
		{CBB9E494-7CAE-4751-A5D3-EDC475641BD6}.Debug|Mixed Platforms.ActiveCfg = Debug|Any CPU
		{CBB9E494-7CAE-4751-A5D3-EDC475641BD6}.Debug|Mixed Platforms.Build.0 = Debug|Any CPU
		{CBB9E494-7CAE-4751-A5D3-EDC475641BD6}.Debug|x86.ActiveCfg = Debug|Any CPU
		{CBB9E494-7CAE-4751-A5D3-EDC475641BD6}.Release|Any CPU.ActiveCfg = Release|Any CPU
		{CBB9E494-7CAE-4751-A5D3-EDC475641BD6}.Release|Any CPU.Build.0 = Release|Any CPU
		{CBB9E494-7CAE-4751-A5D3-EDC475641BD6}.Release|Mixed Platforms.ActiveCfg = Release|Any CPU
		{CBB9E494-7CAE-4751-A5D3-EDC475641BD6}.Release|Mixed Platforms.Build.0 = Release|Any CPU
		{CBB9E494-7CAE-4751-A5D3-EDC475641BD6}.Release|x86.ActiveCfg = Release|Any CPU
		{B3C0889A-6501-4BC6-AA33-688CD5DA31F5}.Debug|Any CPU.ActiveCfg = Debug|Any CPU
		{B3C0889A-6501-4BC6-AA33-688CD5DA31F5}.Debug|Any CPU.Build.0 = Debug|Any CPU
		{B3C0889A-6501-4BC6-AA33-688CD5DA31F5}.Debug|Mixed Platforms.ActiveCfg = Debug|Any CPU
		{B3C0889A-6501-4BC6-AA33-688CD5DA31F5}.Debug|Mixed Platforms.Build.0 = Debug|Any CPU
		{B3C0889A-6501-4BC6-AA33-688CD5DA31F5}.Debug|x86.ActiveCfg = Debug|Any CPU
		{B3C0889A-6501-4BC6-AA33-688CD5DA31F5}.Release|Any CPU.ActiveCfg = Release|Any CPU
		{B3C0889A-6501-4BC6-AA33-688CD5DA31F5}.Release|Any CPU.Build.0 = Release|Any CPU
		{B3C0889A-6501-4BC6-AA33-688CD5DA31F5}.Release|Mixed Platforms.ActiveCfg = Release|Any CPU
		{B3C0889A-6501-4BC6-AA33-688CD5DA31F5}.Release|Mixed Platforms.Build.0 = Release|Any CPU
		{B3C0889A-6501-4BC6-AA33-688CD5DA31F5}.Release|x86.ActiveCfg = Release|Any CPU
		{F55232E5-DED3-4DF4-9D4E-64536A79F070}.Debug|Any CPU.ActiveCfg = Debug|x86
		{F55232E5-DED3-4DF4-9D4E-64536A79F070}.Debug|Mixed Platforms.ActiveCfg = Debug|x86
		{F55232E5-DED3-4DF4-9D4E-64536A79F070}.Debug|Mixed Platforms.Build.0 = Debug|x86
		{F55232E5-DED3-4DF4-9D4E-64536A79F070}.Debug|x86.ActiveCfg = Debug|x86
		{F55232E5-DED3-4DF4-9D4E-64536A79F070}.Debug|x86.Build.0 = Debug|x86
		{F55232E5-DED3-4DF4-9D4E-64536A79F070}.Release|Any CPU.ActiveCfg = Release|x86
		{F55232E5-DED3-4DF4-9D4E-64536A79F070}.Release|Mixed Platforms.ActiveCfg = Release|x86
		{F55232E5-DED3-4DF4-9D4E-64536A79F070}.Release|Mixed Platforms.Build.0 = Release|x86
		{F55232E5-DED3-4DF4-9D4E-64536A79F070}.Release|x86.ActiveCfg = Release|x86
		{F55232E5-DED3-4DF4-9D4E-64536A79F070}.Release|x86.Build.0 = Release|x86
		{3B6491D1-F868-49EC-BA17-842CFB28823A}.Debug|Any CPU.ActiveCfg = Debug|Any CPU
		{3B6491D1-F868-49EC-BA17-842CFB28823A}.Debug|Any CPU.Build.0 = Debug|Any CPU
		{3B6491D1-F868-49EC-BA17-842CFB28823A}.Debug|Mixed Platforms.ActiveCfg = Debug|Any CPU
		{3B6491D1-F868-49EC-BA17-842CFB28823A}.Debug|Mixed Platforms.Build.0 = Debug|Any CPU
		{3B6491D1-F868-49EC-BA17-842CFB28823A}.Debug|x86.ActiveCfg = Debug|Any CPU
		{3B6491D1-F868-49EC-BA17-842CFB28823A}.Release|Any CPU.ActiveCfg = Release|Any CPU
		{3B6491D1-F868-49EC-BA17-842CFB28823A}.Release|Any CPU.Build.0 = Release|Any CPU
		{3B6491D1-F868-49EC-BA17-842CFB28823A}.Release|Mixed Platforms.ActiveCfg = Release|Any CPU
		{3B6491D1-F868-49EC-BA17-842CFB28823A}.Release|Mixed Platforms.Build.0 = Release|Any CPU
		{3B6491D1-F868-49EC-BA17-842CFB28823A}.Release|x86.ActiveCfg = Release|Any CPU
		{4AD0C83A-9CAD-42C6-8FD9-0A8A1D699203}.Debug|Any CPU.ActiveCfg = Debug|Any CPU
		{4AD0C83A-9CAD-42C6-8FD9-0A8A1D699203}.Debug|Any CPU.Build.0 = Debug|Any CPU
		{4AD0C83A-9CAD-42C6-8FD9-0A8A1D699203}.Debug|Mixed Platforms.ActiveCfg = Debug|Any CPU
		{4AD0C83A-9CAD-42C6-8FD9-0A8A1D699203}.Debug|Mixed Platforms.Build.0 = Debug|Any CPU
		{4AD0C83A-9CAD-42C6-8FD9-0A8A1D699203}.Debug|x86.ActiveCfg = Debug|Any CPU
		{4AD0C83A-9CAD-42C6-8FD9-0A8A1D699203}.Release|Any CPU.ActiveCfg = Release|Any CPU
		{4AD0C83A-9CAD-42C6-8FD9-0A8A1D699203}.Release|Any CPU.Build.0 = Release|Any CPU
		{4AD0C83A-9CAD-42C6-8FD9-0A8A1D699203}.Release|Mixed Platforms.ActiveCfg = Release|Any CPU
		{4AD0C83A-9CAD-42C6-8FD9-0A8A1D699203}.Release|Mixed Platforms.Build.0 = Release|Any CPU
		{4AD0C83A-9CAD-42C6-8FD9-0A8A1D699203}.Release|x86.ActiveCfg = Release|Any CPU
	EndGlobalSection
	GlobalSection(SolutionProperties) = preSolution
		HideSolutionNode = FALSE
	EndGlobalSection
EndGlobal
